
Microsoft Visual Studio Solution File, Format Version 12.00
# Visual Studio Version 17
VisualStudioVersion = 17.13.35825.156 d17.13
MinimumVisualStudioVersion = 10.0.40219.1
Project("{FAE04EC0-301F-11D3-BF4B-00C04F79EFBC}") = "Hangman", "Hangman\Hangman.csproj", "{D74AAA84-CD96-4207-9DAA-7B50800D9407}"
EndProject
Global
	GlobalSection(SolutionConfigurationPlatforms) = preSolution
		Debug|Any CPU = Debug|Any CPU
		Release|Any CPU = Release|Any CPU
	EndGlobalSection
	GlobalSection(ProjectConfigurationPlatforms) = postSolution
		{D74AAA84-CD96-4207-9DAA-7B50800D9407}.Debug|Any CPU.ActiveCfg = Debug|Any CPU
		{D74AAA84-CD96-4207-9DAA-7B50800D9407}.Debug|Any CPU.Build.0 = Debug|Any CPU
		{D74AAA84-CD96-4207-9DAA-7B50800D9407}.Release|Any CPU.ActiveCfg = Release|Any CPU
		{D74AAA84-CD96-4207-9DAA-7B50800D9407}.Release|Any CPU.Build.0 = Release|Any CPU
	EndGlobalSection
	GlobalSection(SolutionProperties) = preSolution
		HideSolutionNode = FALSE
	EndGlobalSection
	GlobalSection(ExtensibilityGlobals) = postSolution
		SolutionGuid = {6E77F952-6922-4A07-983D-6A100A756A6E}
	EndGlobalSection
EndGlobal
